
Microsoft Visual Studio Solution File, Format Version 12.00
# Visual Studio Version 17
VisualStudioVersion = 17.10.35027.167
MinimumVisualStudioVersion = 10.0.40219.1
Project("{FAE04EC0-301F-11D3-BF4B-00C04F79EFBC}") = "Ejercicio_Complementario_1", "Ejercicio_Complementario_1\Ejercicio_Complementario_1.csproj", "{7BFA5C17-D738-4E8E-A9A7-39CE14EB52E8}"
EndProject
Global
	GlobalSection(SolutionConfigurationPlatforms) = preSolution
		Debug|Any CPU = Debug|Any CPU
		Release|Any CPU = Release|Any CPU
	EndGlobalSection
	GlobalSection(ProjectConfigurationPlatforms) = postSolution
		{7BFA5C17-D738-4E8E-A9A7-39CE14EB52E8}.Debug|Any CPU.ActiveCfg = Debug|Any CPU
		{7BFA5C17-D738-4E8E-A9A7-39CE14EB52E8}.Debug|Any CPU.Build.0 = Debug|Any CPU
		{7BFA5C17-D738-4E8E-A9A7-39CE14EB52E8}.Release|Any CPU.ActiveCfg = Release|Any CPU
		{7BFA5C17-D738-4E8E-A9A7-39CE14EB52E8}.Release|Any CPU.Build.0 = Release|Any CPU
	EndGlobalSection
	GlobalSection(SolutionProperties) = preSolution
		HideSolutionNode = FALSE
	EndGlobalSection
	GlobalSection(ExtensibilityGlobals) = postSolution
		SolutionGuid = {AF1A8613-C9F0-40F4-A1BB-6D3DEFE0EB0A}
	EndGlobalSection
EndGlobal
