
Microsoft Visual Studio Solution File, Format Version 12.00
# Visual Studio Version 17
VisualStudioVersion = 17.10.35027.167
MinimumVisualStudioVersion = 10.0.40219.1
Project("{FAE04EC0-301F-11D3-BF4B-00C04F79EFBC}") = "Parte_2_Utilizando_For", "Parte_2_Utilizando_For\Parte_2_Utilizando_For.csproj", "{6DE282F5-A402-4340-9A4F-B72E95050ED0}"
EndProject
Global
	GlobalSection(SolutionConfigurationPlatforms) = preSolution
		Debug|Any CPU = Debug|Any CPU
		Release|Any CPU = Release|Any CPU
	EndGlobalSection
	GlobalSection(ProjectConfigurationPlatforms) = postSolution
		{6DE282F5-A402-4340-9A4F-B72E95050ED0}.Debug|Any CPU.ActiveCfg = Debug|Any CPU
		{6DE282F5-A402-4340-9A4F-B72E95050ED0}.Debug|Any CPU.Build.0 = Debug|Any CPU
		{6DE282F5-A402-4340-9A4F-B72E95050ED0}.Release|Any CPU.ActiveCfg = Release|Any CPU
		{6DE282F5-A402-4340-9A4F-B72E95050ED0}.Release|Any CPU.Build.0 = Release|Any CPU
	EndGlobalSection
	GlobalSection(SolutionProperties) = preSolution
		HideSolutionNode = FALSE
	EndGlobalSection
	GlobalSection(ExtensibilityGlobals) = postSolution
		SolutionGuid = {1B688E8A-CC3D-45E7-A0A8-6B35C8D2A822}
	EndGlobalSection
EndGlobal
